
Microsoft Visual Studio Solution File, Format Version 12.00
# Visual Studio Version 17
VisualStudioVersion = 17.7.34031.279
MinimumVisualStudioVersion = 10.0.40219.1
Project("{FAE04EC0-301F-11D3-BF4B-00C04F79EFBC}") = "ExerciceDelegates", "ExerciceDelegates.csproj", "{8187309F-BF08-4792-BF50-C58B168BB71A}"
EndProject
Global
	GlobalSection(SolutionConfigurationPlatforms) = preSolution
		Debug|Any CPU = Debug|Any CPU
		Release|Any CPU = Release|Any CPU
	EndGlobalSection
	GlobalSection(ProjectConfigurationPlatforms) = postSolution
		{8187309F-BF08-4792-BF50-C58B168BB71A}.Debug|Any CPU.ActiveCfg = Debug|Any CPU
		{8187309F-BF08-4792-BF50-C58B168BB71A}.Debug|Any CPU.Build.0 = Debug|Any CPU
		{8187309F-BF08-4792-BF50-C58B168BB71A}.Release|Any CPU.ActiveCfg = Release|Any CPU
		{8187309F-BF08-4792-BF50-C58B168BB71A}.Release|Any CPU.Build.0 = Release|Any CPU
	EndGlobalSection
	GlobalSection(SolutionProperties) = preSolution
		HideSolutionNode = FALSE
	EndGlobalSection
	GlobalSection(ExtensibilityGlobals) = postSolution
		SolutionGuid = {B27ECAE4-EB48-4581-9615-1C429962FCE0}
	EndGlobalSection
EndGlobal
